{
  "version": 4,
  "terraform_version": "0.13.0",
  "serial": 27,
  "lineage": "7709d637-a014-48a2-0578-8c7598efe852",
  "outputs": {
    "bastion": {
      "value": "168.138.50.190",
      "type": "string"
    },
    "private_ips": {
      "value": "172.16.1.235",
      "type": "string"
    }
  },
  "resources": [
    {
      "mode": "data",
      "type": "oci_core_images",
      "name": "linux",
      "provider": "provider[\"registry.terraform.io/hashicorp/oci\"]",
      "instances": [
        {
          "schema_version": 0,
          "attributes": {
            "compartment_id": "ocid1.compartment.oc1..aaaaaaaajtqmudf4ht53lbi5aq4oydwgaptfbmsyacxbxrinvqffcjhjnjoa",
            "display_name": null,
            "filter": [
              {
                "name": "display_name",
                "regex": true,
                "values": [
                  "^([a-zA-z]+)-([a-zA-z]+)-([\\.0-9]+)-([\\.0-9-]+)$"
                ]
              }
            ],
            "id": "CoreImagesDataSource-770469123",
            "images": [
              {
                "agent_features": [],
                "base_image_id": "",
                "billable_size_in_gbs": "3",
                "compartment_id": "",
                "create_image_allowed": true,
                "defined_tags": {},
                "display_name": "Oracle-Linux-7.9-2021.12.08-0",
                "freeform_tags": {},
                "id": "ocid1.image.oc1.ap-osaka-1.aaaaaaaahyi63y5t276vuczheasrphzbxu72vephctqhyzyuxsvdbnr5txpa",
                "image_source_details": [],
                "instance_id": "",
                "launch_mode": "NATIVE",
                "launch_options": [
                  {
                    "boot_volume_type": "PARAVIRTUALIZED",
                    "firmware": "UEFI_64",
                    "is_consistent_volume_naming_enabled": true,
                    "is_pv_encryption_in_transit_enabled": true,
                    "network_type": "PARAVIRTUALIZED",
                    "remote_data_volume_type": "PARAVIRTUALIZED"
                  }
                ],
                "listing_type": "",
                "operating_system": "Oracle Linux",
                "operating_system_version": "7.9",
                "size_in_mbs": "47694",
                "state": "AVAILABLE",
                "time_created": "2021-12-17 17:24:33.863 +0000 UTC"
              },
              {
                "agent_features": [],
                "base_image_id": "",
                "billable_size_in_gbs": "3",
                "compartment_id": "",
                "create_image_allowed": true,
                "defined_tags": {},
                "display_name": "Oracle-Linux-7.9-2021.10.20-0",
                "freeform_tags": {},
                "id": "ocid1.image.oc1.ap-osaka-1.aaaaaaaaq6ojjmmym25qc2ee54n6gneckg2mudivlfi3fsqfnk5gtcgpjyka",
                "image_source_details": [],
                "instance_id": "",
                "launch_mode": "NATIVE",
                "launch_options": [
                  {
                    "boot_volume_type": "PARAVIRTUALIZED",
                    "firmware": "UEFI_64",
                    "is_consistent_volume_naming_enabled": true,
                    "is_pv_encryption_in_transit_enabled": true,
                    "network_type": "PARAVIRTUALIZED",
                    "remote_data_volume_type": "PARAVIRTUALIZED"
                  }
                ],
                "listing_type": "",
                "operating_system": "Oracle Linux",
                "operating_system_version": "7.9",
                "size_in_mbs": "47694",
                "state": "AVAILABLE",
                "time_created": "2021-10-26 23:04:06.341 +0000 UTC"
              },
              {
                "agent_features": [],
                "base_image_id": "",
                "billable_size_in_gbs": "4",
                "compartment_id": "",
                "create_image_allowed": true,
                "defined_tags": {},
                "display_name": "Oracle-Linux-7.9-2021.10.04-0",
                "freeform_tags": {},
                "id": "ocid1.image.oc1.ap-osaka-1.aaaaaaaayq5v6m7qddhnwmdzav3noqanyrssokijolnjwgbewumgno5dg3ra",
                "image_source_details": [],
                "instance_id": "",
                "launch_mode": "NATIVE",
                "launch_options": [
                  {
                    "boot_volume_type": "PARAVIRTUALIZED",
                    "firmware": "UEFI_64",
                    "is_consistent_volume_naming_enabled": true,
                    "is_pv_encryption_in_transit_enabled": true,
                    "network_type": "PARAVIRTUALIZED",
                    "remote_data_volume_type": "PARAVIRTUALIZED"
                  }
                ],
                "listing_type": "",
                "operating_system": "Oracle Linux",
                "operating_system_version": "7.9",
                "size_in_mbs": "47694",
                "state": "AVAILABLE",
                "time_created": "2021-10-07 19:25:46.575 +0000 UTC"
              }
            ],
            "operating_system": "Oracle Linux",
            "operating_system_version": "7.9",
            "shape": null,
            "sort_by": null,
            "sort_order": null,
            "state": null
          }
        }
      ]
    },
    {
      "mode": "data",
      "type": "oci_core_instance",
      "name": "instance_pool_instances",
      "provider": "provider[\"registry.terraform.io/hashicorp/oci\"]",
      "instances": [
        {
          "index_key": 0,
          "schema_version": 0,
          "attributes": {
            "agent_config": [
              {
                "are_all_plugins_disabled": false,
                "is_management_disabled": false,
                "is_monitoring_disabled": false,
                "plugins_config": []
              }
            ],
            "async": null,
            "availability_config": [
              {
                "is_live_migration_preferred": false,
                "recovery_action": "RESTORE_INSTANCE"
              }
            ],
            "availability_domain": "kWVD:AP-OSAKA-1-AD-1",
            "boot_volume_id": "ocid1.bootvolume.oc1.ap-osaka-1.abvwsljrndt2o6yqy3misox25ms5674ouutenhkajg572wt6c6kxkjcmg7zq",
            "capacity_reservation_id": null,
            "compartment_id": "ocid1.compartment.oc1..aaaaaaaajtqmudf4ht53lbi5aq4oydwgaptfbmsyacxbxrinvqffcjhjnjoa",
            "create_vnic_details": null,
            "dedicated_vm_host_id": null,
            "defined_tags": {
              "ArchitectureCenter\\hpc-starccm-e0bf.release": "1.2",
              "Oracle-Tag.CreatedBy": "gloria",
              "Oracle-Tag.CreatedOn": "2022-01-05T14:11:21.334Z"
            },
            "display_name": "inst-dgj1w-logical-robin",
            "extended_metadata": null,
            "fault_domain": "FAULT-DOMAIN-2",
            "freeform_tags": {
              "cluster_name": "logical-robin",
              "oci:compute:instanceconfiguration": "ocid1.instanceconfiguration.oc1.ap-osaka-1.aaaaaaaawroyle37ogqgd23ugkaariphbvt32rgrrvxqgkwcd3twzkforhtq",
              "oci:compute:instancepool": "ocid1.instancepool.oc1.ap-osaka-1.aaaaaaaamx5lb5v3px6mvleuozwk32xrbxrcprfc4y2mwugds2wvnzpoeuna",
              "parent_cluster": "logical-robin"
            },
            "hostname_label": "inst-dgj1w-logical-robin",
            "id": "ocid1.instance.oc1.ap-osaka-1.anvwsljr7rhxvoacfinpo2licnx5ymhb3xlit6u7elbqvx6sufs25tnrnfoq",
            "image": "ocid1.image.oc1.ap-osaka-1.aaaaaaaa4tvgmfbxfazxsiqnwguizi47npgnsc5qx5ekbi724vukbtfwhjca",
            "instance_id": "ocid1.instance.oc1.ap-osaka-1.anvwsljr7rhxvoacfinpo2licnx5ymhb3xlit6u7elbqvx6sufs25tnrnfoq",
            "instance_options": [
              {
                "are_legacy_imds_endpoints_disabled": false
              }
            ],
            "ipxe_script": null,
            "is_pv_encryption_in_transit_enabled": null,
            "launch_mode": "NATIVE",
            "launch_options": [
              {
                "boot_volume_type": "ISCSI",
                "firmware": "UEFI_64",
                "is_consistent_volume_naming_enabled": true,
                "is_pv_encryption_in_transit_enabled": false,
                "network_type": "PARAVIRTUALIZED",
                "remote_data_volume_type": "ISCSI"
              }
            ],
            "metadata": {
              "ssh_authorized_keys": "ssh-rsa AAAAB3NzaC1yc2EAAAADAQABAAABAQCxu6er/84BOEoTh6bq04a1uqH3gsnSIOmKUq/rMDlkYf4qjF0ayV07ogrSNN+ergJreZGyVOtDMk1C7i78LQVYBYKmTxdWDBJ4qVS2gaIhxPLUQbW5MXFwSbmBibSQh7tSFSv0kuistPui7m9DQdnAt9zfm55xlg6jCXgjZgb++VZ6xD3PEdLSepxnTx2LWZ8MCqTl9hEDzDVgie6ByG/Csd3eahXyYNQtbXb37xJZJET7janm0cHe5mQUa/4ktojgkTgzx6BHaOA6oFE7rPBwEsTiZV184ka4ODnJes/X9ScoJYkl+l3qwbrRyrge8NTcYM1sW25zy9YF212+686j glolee@Glorias-MacBook-Pro-2.local\nssh-rsa AAAAB3NzaC1yc2EAAAADAQABAAACAQDk9AQ8ynjFeNpO6oJ7/odoc2HJcoGvFXtIW/jOq0mbzJHu0FKUSzFt17TQAR8y0JMGzKGKI1HvXyJPIYlzwf6rWSNPtTgnl64DPzJg8oog5OnN/z5pbDu5wYxrN5qpmiLXBdEQ+IrU7HOqXrsZunGCxDPW0k1GsRh+fbr3GM7JW2m8Y1pzdyVeOyI9sBdHY3ZcTKEhBXB86nPWcszEL81ntf0VzIa4HDnI58cXiWUQDeyfXDvkKG2jTOqOry7dBhSrWgoFLC3hIVWl5v0TC1d9lfkXbD9YxOqCIsJIlyWhf3pkqsArUveXEQNlI/o8TbqOJAHHCXV4ERZ2BcfhVf+8YFh1qMNnOlpIu78qH9cSMhWHFwjmWirJqlyxjGLVgES61J1HkU5HAqgorIIyKuwAOYA8pD/pmXDdLRtVfbkZ1heSzhnE2gVerA1Vdz88A9UjiqI2y3MaAyV1wTJpgjctRnWSFZSavjZfMmoztoAadrMujxblRDs5fEzFLV6mq5bj5+yTSPS0v8T7XTQzhsFzM1ZnL54V5ljXCgqLvCPmUXO+6OT07HI722HF56tkjPgrjkhEpxtxoZIOp+nXpFzN/Cpsc8bdPEinl/Bu3ocfy1l027oYrSxZ3KMAxEhMIFtgkUlhPLqVxbvagDQf04rDnERKKEs6NmEUktwKJiYMtw==\n",
              "user_data": "I2Nsb3VkLWNvbmZpZwo="
            },
            "platform_config": [],
            "preemptible_instance_config": [],
            "preserve_boot_volume": null,
            "private_ip": "172.16.1.235",
            "public_ip": "",
            "region": "ap-osaka-1",
            "shape": "BM.GPU3.8",
            "shape_config": [
              {
                "baseline_ocpu_utilization": "",
                "gpu_description": "NVIDIA® Tesla® V100",
                "gpus": 8,
                "local_disk_description": "",
                "local_disks": 0,
                "local_disks_total_size_in_gbs": 0,
                "max_vnic_attachments": 26,
                "memory_in_gbs": 768,
                "networking_bandwidth_in_gbps": 50,
                "ocpus": 52,
                "processor_description": "2.0 GHz Intel® Xeon® Platinum 8167M (Skylake)"
              }
            ],
            "source_details": [
              {
                "boot_volume_size_in_gbs": "50",
                "kms_key_id": "",
                "source_id": "ocid1.image.oc1.ap-osaka-1.aaaaaaaa4tvgmfbxfazxsiqnwguizi47npgnsc5qx5ekbi724vukbtfwhjca",
                "source_type": "image"
              }
            ],
            "state": "RUNNING",
            "subnet_id": "ocid1.subnet.oc1.ap-osaka-1.aaaaaaaak6lp57tnun4rvpghxqvzynb5grs3mqpqryipnmte3roonzbzfpba",
            "system_tags": {},
            "time_created": "2022-01-05 14:11:38.312 +0000 UTC",
            "time_maintenance_reboot_due": null
          }
        }
      ]
    },
    {
      "mode": "data",
      "type": "oci_core_instance_pool_instances",
      "name": "instance_pool_instances",
      "provider": "provider[\"registry.terraform.io/hashicorp/oci\"]",
      "instances": [
        {
          "index_key": 0,
          "schema_version": 0,
          "attributes": {
            "compartment_id": "ocid1.compartment.oc1..aaaaaaaajtqmudf4ht53lbi5aq4oydwgaptfbmsyacxbxrinvqffcjhjnjoa",
            "display_name": null,
            "filter": null,
            "id": "CoreInstancePoolInstancesDataSource-2776233436",
            "instance_pool_id": "ocid1.instancepool.oc1.ap-osaka-1.aaaaaaaamx5lb5v3px6mvleuozwk32xrbxrcprfc4y2mwugds2wvnzpoeuna",
            "instances": [
              {
                "auto_terminate_instance_on_delete": false,
                "availability_domain": "kWVD:AP-OSAKA-1-AD-1",
                "compartment_id": "ocid1.compartment.oc1..aaaaaaaajtqmudf4ht53lbi5aq4oydwgaptfbmsyacxbxrinvqffcjhjnjoa",
                "decrement_size_on_delete": false,
                "display_name": "inst-dgj1w-logical-robin",
                "fault_domain": "FAULT-DOMAIN-2",
                "id": "ocid1.instance.oc1.ap-osaka-1.anvwsljr7rhxvoacfinpo2licnx5ymhb3xlit6u7elbqvx6sufs25tnrnfoq",
                "instance_configuration_id": "ocid1.instanceconfiguration.oc1.ap-osaka-1.aaaaaaaawroyle37ogqgd23ugkaariphbvt32rgrrvxqgkwcd3twzkforhtq",
                "instance_id": "",
                "instance_pool_id": "",
                "load_balancer_backends": [],
                "region": "ap-osaka-1",
                "shape": "BM.GPU3.8",
                "state": "Running",
                "time_created": "2022-01-05 14:11:38.781 +0000 UTC"
              }
            ]
          }
        }
      ]
    },
    {
      "mode": "data",
      "type": "oci_core_services",
      "name": "services",
      "provider": "provider[\"registry.terraform.io/hashicorp/oci\"]",
      "instances": [
        {
          "schema_version": 0,
          "attributes": {
            "filter": [
              {
                "name": "name",
                "regex": true,
                "values": [
                  "All .* Services In Oracle Services Network"
                ]
              }
            ],
            "id": "CoreServicesDataSource-0",
            "services": [
              {
                "cidr_block": "all-kix-services-in-oracle-services-network",
                "description": "All KIX Services In Oracle Services Network",
                "id": "ocid1.service.oc1.ap-osaka-1.aaaaaaaanpw2x646vasmcdktlznzhf7mwmcgf4hhmw5zepgspmseokxjyj4q",
                "name": "All KIX Services In Oracle Services Network"
              }
            ]
          }
        }
      ]
    },
    {
      "mode": "data",
      "type": "oci_core_subnet",
      "name": "private_subnet",
      "provider": "provider[\"registry.terraform.io/hashicorp/oci\"]",
      "instances": [
        {
          "schema_version": 0,
          "attributes": {
            "availability_domain": null,
            "cidr_block": "172.16.1.0/24",
            "compartment_id": "ocid1.compartment.oc1..aaaaaaaajtqmudf4ht53lbi5aq4oydwgaptfbmsyacxbxrinvqffcjhjnjoa",
            "defined_tags": {
              "ArchitectureCenter\\hpc-starccm-e0bf.release": "1.2",
              "Oracle-Tag.CreatedBy": "gloria",
              "Oracle-Tag.CreatedOn": "2022-01-05T14:11:15.783Z"
            },
            "dhcp_options_id": "ocid1.dhcpoptions.oc1.ap-osaka-1.aaaaaaaamuvfshu4gnz76cjzpnc5pqqoueyuvaitg3prexrmj7653q33befq",
            "display_name": "logical-robin_private_subnet",
            "dns_label": "private",
            "freeform_tags": {},
            "id": "ocid1.subnet.oc1.ap-osaka-1.aaaaaaaak6lp57tnun4rvpghxqvzynb5grs3mqpqryipnmte3roonzbzfpba",
            "ipv6cidr_block": null,
            "ipv6virtual_router_ip": null,
            "prohibit_internet_ingress": true,
            "prohibit_public_ip_on_vnic": true,
            "route_table_id": "ocid1.routetable.oc1.ap-osaka-1.aaaaaaaaolsb2yzfsvms75ruygy4ln6xnwmycx33726xzyrr6bpdusxxh6za",
            "security_list_ids": [
              "ocid1.securitylist.oc1.ap-osaka-1.aaaaaaaaijub476wwxlg3puh67vrdaaj5cwzsr4rcy2ahk4rsg5lmiwxl3gq"
            ],
            "state": "AVAILABLE",
            "subnet_domain_name": "private.cluster.oraclevcn.com",
            "subnet_id": "ocid1.subnet.oc1.ap-osaka-1.aaaaaaaak6lp57tnun4rvpghxqvzynb5grs3mqpqryipnmte3roonzbzfpba",
            "time_created": "2022-01-05 14:11:15.84 +0000 UTC",
            "vcn_id": "ocid1.vcn.oc1.ap-osaka-1.amaaaaaa7rhxvoaa5gqpeewny6uk7czxvbqtlwt6prgk2cmxdc2fmgvdnlpq",
            "virtual_router_ip": "172.16.1.1",
            "virtual_router_mac": "00:00:17:B1:54:73"
          }
        }
      ]
    },
    {
      "mode": "data",
      "type": "oci_core_subnet",
      "name": "public_subnet",
      "provider": "provider[\"registry.terraform.io/hashicorp/oci\"]",
      "instances": [
        {
          "schema_version": 0,
          "attributes": {
            "availability_domain": null,
            "cidr_block": "172.16.0.0/24",
            "compartment_id": "ocid1.compartment.oc1..aaaaaaaajtqmudf4ht53lbi5aq4oydwgaptfbmsyacxbxrinvqffcjhjnjoa",
            "defined_tags": {
              "ArchitectureCenter\\hpc-starccm-e0bf.release": "1.2",
              "Oracle-Tag.CreatedBy": "gloria",
              "Oracle-Tag.CreatedOn": "2022-01-05T14:11:13.858Z"
            },
            "dhcp_options_id": "ocid1.dhcpoptions.oc1.ap-osaka-1.aaaaaaaamuvfshu4gnz76cjzpnc5pqqoueyuvaitg3prexrmj7653q33befq",
            "display_name": "logical-robin_public_subnet",
            "dns_label": "public",
            "freeform_tags": {},
            "id": "ocid1.subnet.oc1.ap-osaka-1.aaaaaaaa2fbp6hsqsle6sbur2j4oj4p5mfawcpakqxwkez2hts57qsde3dmq",
            "ipv6cidr_block": null,
            "ipv6virtual_router_ip": null,
            "prohibit_internet_ingress": false,
            "prohibit_public_ip_on_vnic": false,
            "route_table_id": "ocid1.routetable.oc1.ap-osaka-1.aaaaaaaajasbdke74lcgeao5sef52xj4zylvn3kfwh5t7p46zbtkbqcyj6sq",
            "security_list_ids": [
              "ocid1.securitylist.oc1.ap-osaka-1.aaaaaaaa3vpztybwnklfe4inmnbh6xkptxsreboj5qybj5kmc6jylxm24uga"
            ],
            "state": "AVAILABLE",
            "subnet_domain_name": "public.cluster.oraclevcn.com",
            "subnet_id": "ocid1.subnet.oc1.ap-osaka-1.aaaaaaaa2fbp6hsqsle6sbur2j4oj4p5mfawcpakqxwkez2hts57qsde3dmq",
            "time_created": "2022-01-05 14:11:13.909 +0000 UTC",
            "vcn_id": "ocid1.vcn.oc1.ap-osaka-1.amaaaaaa7rhxvoaa5gqpeewny6uk7czxvbqtlwt6prgk2cmxdc2fmgvdnlpq",
            "virtual_router_ip": "172.16.0.1",
            "virtual_router_mac": "00:00:17:B1:54:73"
          }
        }
      ]
    },
    {
      "mode": "data",
      "type": "oci_core_vcn",
      "name": "vcn",
      "provider": "provider[\"registry.terraform.io/hashicorp/oci\"]",
      "instances": [
        {
          "schema_version": 0,
          "attributes": {
            "cidr_block": "172.16.0.0/21",
            "cidr_blocks": [
              "172.16.0.0/21"
            ],
            "compartment_id": "ocid1.compartment.oc1..aaaaaaaajtqmudf4ht53lbi5aq4oydwgaptfbmsyacxbxrinvqffcjhjnjoa",
            "default_dhcp_options_id": "ocid1.dhcpoptions.oc1.ap-osaka-1.aaaaaaaamuvfshu4gnz76cjzpnc5pqqoueyuvaitg3prexrmj7653q33befq",
            "default_route_table_id": "ocid1.routetable.oc1.ap-osaka-1.aaaaaaaaysye6iuoqwcp6pcwj36eufipvkalt4fplhpmgber3fi6sfvgikza",
            "default_security_list_id": "ocid1.securitylist.oc1.ap-osaka-1.aaaaaaaa7qggtoadtgagcb4la5o372q6nrjgeflvhscqvt3shevpxqw7z2aq",
            "defined_tags": {
              "ArchitectureCenter\\hpc-starccm-e0bf.release": "1.2",
              "Oracle-Tag.CreatedBy": "gloria",
              "Oracle-Tag.CreatedOn": "2022-01-05T14:11:10.271Z"
            },
            "display_name": "logical-robin_VCN",
            "dns_label": "cluster",
            "freeform_tags": {},
            "id": "ocid1.vcn.oc1.ap-osaka-1.amaaaaaa7rhxvoaa5gqpeewny6uk7czxvbqtlwt6prgk2cmxdc2fmgvdnlpq",
            "ipv6cidr_blocks": [],
            "is_ipv6enabled": null,
            "state": "AVAILABLE",
            "time_created": "2022-01-05 14:11:10.377 +0000 UTC",
            "vcn_domain_name": "cluster.oraclevcn.com",
            "vcn_id": "ocid1.vcn.oc1.ap-osaka-1.amaaaaaa7rhxvoaa5gqpeewny6uk7czxvbqtlwt6prgk2cmxdc2fmgvdnlpq"
          }
        }
      ]
    },
    {
      "mode": "data",
      "type": "oci_identity_region_subscriptions",
      "name": "home_region_subscriptions",
      "provider": "provider[\"registry.terraform.io/hashicorp/oci\"]",
      "instances": [
        {
          "schema_version": 0,
          "attributes": {
            "filter": [
              {
                "name": "is_home_region",
                "regex": false,
                "values": [
                  "true"
                ]
              }
            ],
            "id": "IdentityRegionSubscriptionsDataSource-1395906795",
            "region_subscriptions": [
              {
                "is_home_region": true,
                "region_key": "PHX",
                "region_name": "us-phoenix-1",
                "state": "READY",
                "tenancy_id": ""
              }
            ],
            "tenancy_id": "ocid1.tenancy.oc1..aaaaaaaax3q5jcmovrv7qxbops55wzrjeutinobtayaykdasoygtnpko7buq"
          }
        }
      ]
    },
    {
      "mode": "data",
      "type": "template_file",
      "name": "bastion_config",
      "provider": "provider[\"registry.terraform.io/hashicorp/template\"]",
      "instances": [
        {
          "schema_version": 0,
          "attributes": {
            "filename": null,
            "id": "88c95955b024402aa9572b663f7eeb134f01343bb92af27b50e97e72b22c565f",
            "rendered": "#cloud-config\n",
            "template": "#cloud-config\n",
            "vars": {
              "key": "-----BEGIN RSA PRIVATE KEY-----\nMIIJKQIBAAKCAgEA5PQEPMp4xXjaTuqCe/6HaHNhyXKBrxV7SFv4zqtJm8yR7tBS\nlEsxbde00AEfMtCTBsyhiiNR718iTyGJc8H+q1kjT7U4J5euAz8yYPKKIOTpzf8+\naWw7ucGMazeaqZoi1wXREPiK1Oxzql67GbpxgsQz1tJNRrEYfn269xjOyVtpvGNa\nc3clXjsiPbAXR2N2XEyhIQVwfOpz1nLMxC/NZ7X9FcyGuBw5yOfHF4llEA3sn1w7\n5Chto0zqjq8u3QYUq1oKBSwt4SFVpeb9EwtXfZX5F2w/WMTqgiLCSJcloX96ZKrA\nK1L3lxEDZSP6PE26jiQBxwl1eBEWdgXH4VX/vGBYdajDZzpaSLu/Kh/XEjIVhxcI\n5loqyapcsYxi1YBEutSdR5FORwKoKKyCMirsADmAPKQ/6Zlw3S0bVX25GdYXks4Z\nxNoFXqwNVXc/PAPVI4qiNstzGgMldcEyaYI3LUZ1khWUmr42XzJqM7aAGnazLo8W\n5UQ7OXxMxS1epquW4+fsk0j0tL/E+100M4bBczNWZy+eFeZY1woKi7wj5lFzvujk\n9OxyO9thxeerZIz4K45IRKcbcaGSDqfp16RczfwqbHPG3TxIp5fwbt6HH8tZdNu6\nGK0sWdyjAMRITCBbYJFJYTy6lcW72oA0H9OKw5xESihLOjZhFJLcCiYmDLcCAwEA\nAQKCAgBcPgPHCjwGM16hFNJlanLbnkDzjHK7O4hj6sofWdtaLd1NvhjHLlRH0PRE\nKW+MZYQW5TLgGMLWEhocj4J1ZN9Z4ZvcbUKmkPHG1RtS++SyxAd+uytGBhk6CcSt\nHcXuNu96ehl1IO2uQ2WGaowvHXLGII5SKoB/zrHzpGxDSXdmoLHE+LJkeshPYru0\n5tE6LdRt82GnkC115m+tIqtlD21OL4A73B8a5iRR0S/hR7Wz9igzPFHU5oTlmgOW\nYPYcjmqdbrVCyD3jyi5bnOixV4x0SIwG59HNzeg9bguge2Tp4BZLoI+z5MVj07Lu\neMREr3xN8CvXKPRu31ORUVrqal+RnnlMoNi/fjEB9/drGnUgAgvhFCadcrNbVhhS\noEIlhpZGfvlHsuJL4V0qN88i58eO4qUN4aLyxUMpSnFaLObmYysmdNHNDBWA6z1y\n1qJZxKrrHhudPEI0J5FPQWsj34CUegrSZSimB69R2G9i/WxSxGLQdLT+GoL5O3Jo\n1pbO+w7uFAZt36zWE4QwKIrD4QsXDCMpJsRDxB0eALN8JGGZ8tUSJQru1GJptdU6\nMYtkdtzIS/3ZEGvfCWEdXwE1ibKlLVaKsr5zS2WhkU/NMJ5JkthzYiPfARZznz0a\nZ1MQ+ntMWDCyIQqPsjwlitEwKiOMTZukNkOOxJkcqFj/GNAYwQKCAQEA+yhnb9eZ\nvjzPy0FjxBZxHxTxbVlbqQidkwoVPJobc4QcymIIRgLBUQ0G0+vQtoGf2YzfXh5I\n4QfXP8qj89nbR3szceB89JJBX0EeQTPFIg91tLX+18NixKHmawYGhfqhhd8onlWI\n20tG4ShecNvrFHhRcVanAml8en+HQZwg0Lg9nRO0qFhBaSKcbCYwZtJ616AyCfPP\nSOeK2A6OTNBssGhF19HMeyj1jzLd4MKn59+toxV6CfLhc80glcSDHD5uJPCvzs57\nnFiP6nWI/oDGv71OWbX/7/qytvRBrEBAPxDDFVBLm3EE/dAEY/Iw3Z3I2pujMhIG\n0koDc2o8FacbKQKCAQEA6V4FW/d5ByTM+HeKOmXRDjuyZmbjN+6SigEfY6ILNqOP\nIrR+Ho9dK3zY9xiBu1zav9vvVvRnb/JdP5+vu5SEsZPJMlYxsdhJdynaoz5NvmV2\nhcXKvjYhVacOjc1lorknFms+TTdIVUX8M+0Pq31S3MQHC1DBp8RIj1wI0ZXem96F\nr9SfvcmnQ5vvq0Hv7fQWp4xFkm9XZ2kiBYaWs+AxQfX6bEeXrQmJE+u8VOJlXRC+\nXe79gz41dJ9cwOlKV7eJEO+V2ZYWhl8dsvlNkvhThv6ilc1TSmKWw8owLZR5HSsO\n2VmXJSO1CM4XvVTeci+fQi7R/cnFIdoDB+NJVbrE3wKCAQEA0XhSRKpZlJtdZxUD\nYzCgah7qeJvVYbZIzbDUI3YYPRDLflOiuNllZ/boYelEamLT8fqW9QVnHR+P+6lD\ncoaZZxWuw2RKcyRkF1DVLeZCnPSt4+kCQeu4PW0WIt6kpCtzeZa0ZtHJ0bQHypQD\nqDcS6kCrFE8D/XQDGJuyMBtKFyoCYTZlLx5kd44hTeXP6oHTaHE4KqrIj/JlD2uc\nbR5L+BkPXz+gPnvbyfHPsbxHk5EvXVv1K8UBGbbUXXTHMNA0xuRijKYT3ELUzOP4\nPOMkYBg/93xemETLtuEiwMnZi3+sZONSG7N4SUOr1bvR25PUR9cUlhcIz2xhUmog\n8KIteQKCAQEAz9i/qTN2hdhO/pVpda2tTqH4uJ+2i+Bef6+UR2bR2e4+08gx9AH4\nF31wuFMJaNjAs9StDKNNZTVVvA77s3QJ4ycfMUf3ptBeTlXmtzIMiCFSOL77XgJU\nGjdaDQ39EbsahyspKBiuwdQ9Vfoz1KcgICQvqfJZKJT3k0eDSzfSNr0wEHSteZma\n8ep2we9ORH77lmqmpE+qZx4KASXoH3j0Ji1wxvPUsXcmsalp6ahiY0tAYeUzwaqs\nbZxqPh8J6ao71+uraUn18ePRTdAhOV8W9crg/88J+dxpLyRrWI0+ea4Z4ZebuKZe\n3OLB3g0yujyT+Zw9x23nt8i2nlXewQ5BvQKCAQAAmXhozUkDzjOZ/WnM0YMO2Wl+\nx5GL8Lv2dBLYFtdOYrxzTdA3ZzAscAFrjXPLZOR70zKxo+CIfMBxJMFxiuCoH8wm\n2iIo3mucryQjO3QMyPOdApFfYiOcKuSok53uHDTjX5uBAIjX5nUQML48pYkYZwH9\ngqxyaeqKEdTJDySM6g+1E+9usAPT7PWnSERBzGO+K0A0G+9APXppvhmqwHC8Asz/\n9xmBdO0Bbgk9Eel1cqYDNhjtHqSxBHmW1Su2ewK6OGaa6r+WcYkh05pZR6TQ2Wf6\nTDP5UgrujDX7SENwHW5bUI3HpdZaZiIIsHr3kiTR/6Kiz+1UKzjB/tdODsEv\n-----END RSA PRIVATE KEY-----\n"
            }
          }
        }
      ]
    },
    {
      "mode": "data",
      "type": "template_file",
      "name": "config",
      "provider": "provider[\"registry.terraform.io/hashicorp/template\"]",
      "instances": [
        {
          "schema_version": 0,
          "attributes": {
            "filename": null,
            "id": "88c95955b024402aa9572b663f7eeb134f01343bb92af27b50e97e72b22c565f",
            "rendered": "#cloud-config\n",
            "template": "#cloud-config\n",
            "vars": null
          }
        }
      ]
    },
    {
      "mode": "managed",
      "type": "null_resource",
      "name": "bastion",
      "provider": "provider[\"registry.terraform.io/hashicorp/null\"]",
      "instances": [
        {
          "schema_version": 0,
          "attributes": {
            "id": "5999860028334442027",
            "triggers": {
              "bastion": "ocid1.instance.oc1.ap-osaka-1.anvwsljr7rhxvoac2cqgkqfzbp67wte2vj4dbscjskogaxdm44ytbz76sefa"
            }
          },
          "private": "bnVsbA==",
          "dependencies": [
            "data.oci_core_images.linux",
            "data.oci_identity_region_subscriptions.home_region_subscriptions",
            "data.template_file.bastion_config",
            "oci_core_instance.bastion",
            "oci_core_internet_gateway.ig1",
            "oci_core_route_table.public_route_table",
            "oci_core_security_list.public-security-list",
            "oci_core_subnet.public-subnet",
            "oci_core_vcn.vcn",
            "oci_core_volume_attachment.bastion_volume_attachment",
            "oci_identity_tag.ArchitectureCenterTag",
            "oci_identity_tag_namespace.ArchitectureCenterTagNamespace",
            "random_id.tag",
            "random_pet.name",
            "tls_private_key.ssh"
          ]
        }
      ]
    },
    {
      "mode": "managed",
      "type": "null_resource",
      "name": "cluster",
      "provider": "provider[\"registry.terraform.io/hashicorp/null\"]",
      "instances": [
        {
          "schema_version": 0,
          "attributes": {
            "id": "4054904616579755632",
            "triggers": {
              "cluster_instances": "inst-dgj1w-logical-robin"
            }
          },
          "private": "bnVsbA==",
          "dependencies": [
            "data.oci_core_images.linux",
            "data.oci_core_instance.cluster_network_instances",
            "data.oci_core_instance.instance_pool_instances",
            "data.oci_core_instance_pool_instances.instance_pool_instances",
            "data.oci_core_services.services",
            "data.oci_core_subnet.private_subnet",
            "data.oci_core_subnet.public_subnet",
            "data.oci_identity_region_subscriptions.home_region_subscriptions",
            "data.template_file.bastion_config",
            "data.template_file.config",
            "null_resource.bastion",
            "oci_core_app_catalog_subscription.mp_image_subscription",
            "oci_core_cluster_network.cluster_network",
            "oci_core_instance.bastion",
            "oci_core_instance_configuration.instance_pool_configuration",
            "oci_core_instance_pool.instance_pool",
            "oci_core_internet_gateway.ig1",
            "oci_core_nat_gateway.ng1",
            "oci_core_route_table.private_route_table",
            "oci_core_route_table.public_route_table",
            "oci_core_security_list.internal-security-list",
            "oci_core_security_list.public-security-list",
            "oci_core_service_gateway.sg1",
            "oci_core_subnet.private-subnet",
            "oci_core_subnet.public-subnet",
            "oci_core_vcn.vcn",
            "oci_core_volume_attachment.bastion_volume_attachment",
            "oci_core_volume_attachment.cluster_network_volume_attachment",
            "oci_core_volume_attachment.instance_pool_volume_attachment",
            "oci_file_storage_mount_target.FSSMountTarget",
            "oci_identity_tag.ArchitectureCenterTag",
            "oci_identity_tag_namespace.ArchitectureCenterTagNamespace",
            "random_id.tag",
            "random_pet.name",
            "tls_private_key.ssh"
          ]
        }
      ]
    },
    {
      "mode": "managed",
      "type": "oci_core_instance",
      "name": "bastion",
      "provider": "provider[\"registry.terraform.io/hashicorp/oci\"]",
      "instances": [
        {
          "schema_version": 0,
          "attributes": {
            "agent_config": [
              {
                "are_all_plugins_disabled": false,
                "is_management_disabled": true,
                "is_monitoring_disabled": false,
                "plugins_config": []
              }
            ],
            "async": null,
            "availability_config": [
              {
                "is_live_migration_preferred": false,
                "recovery_action": "RESTORE_INSTANCE"
              }
            ],
            "availability_domain": "kWVD:AP-OSAKA-1-AD-1",
            "boot_volume_id": "ocid1.bootvolume.oc1.ap-osaka-1.abvwsljrjkyitbxr5uge5b3i4bmml4kzx5rgqgijwos3fe2rqxda76pzyw2a",
            "capacity_reservation_id": null,
            "compartment_id": "ocid1.compartment.oc1..aaaaaaaajtqmudf4ht53lbi5aq4oydwgaptfbmsyacxbxrinvqffcjhjnjoa",
            "create_vnic_details": [
              {
                "assign_private_dns_record": false,
                "assign_public_ip": "true",
                "defined_tags": {
                  "Oracle-Tag.CreatedBy": "gloria",
                  "Oracle-Tag.CreatedOn": "2022-01-05T14:11:20.001Z"
                },
                "display_name": "logical-robin-bastion",
                "freeform_tags": {
                  "cluster_name": "local.cluster_name",
                  "parent_cluster": "local.cluster_name"
                },
                "hostname_label": "logical-robin-bastion",
                "nsg_ids": null,
                "private_ip": "172.16.0.143",
                "skip_source_dest_check": false,
                "subnet_id": "ocid1.subnet.oc1.ap-osaka-1.aaaaaaaa2fbp6hsqsle6sbur2j4oj4p5mfawcpakqxwkez2hts57qsde3dmq",
                "vlan_id": ""
              }
            ],
            "dedicated_vm_host_id": null,
            "defined_tags": {
              "Oracle-Tag.CreatedBy": "gloria",
              "Oracle-Tag.CreatedOn": "2022-01-05T14:11:19.881Z"
            },
            "display_name": "logical-robin-bastion",
            "extended_metadata": null,
            "fault_domain": "FAULT-DOMAIN-3",
            "freeform_tags": {
              "cluster_name": "local.cluster_name",
              "parent_cluster": "local.cluster_name"
            },
            "hostname_label": "logical-robin-bastion",
            "id": "ocid1.instance.oc1.ap-osaka-1.anvwsljr7rhxvoac2cqgkqfzbp67wte2vj4dbscjskogaxdm44ytbz76sefa",
            "image": "ocid1.image.oc1.ap-osaka-1.aaaaaaaahyi63y5t276vuczheasrphzbxu72vephctqhyzyuxsvdbnr5txpa",
            "instance_options": [
              {
                "are_legacy_imds_endpoints_disabled": false
              }
            ],
            "ipxe_script": null,
            "is_pv_encryption_in_transit_enabled": null,
            "launch_mode": "PARAVIRTUALIZED",
            "launch_options": [
              {
                "boot_volume_type": "PARAVIRTUALIZED",
                "firmware": "UEFI_64",
                "is_consistent_volume_naming_enabled": true,
                "is_pv_encryption_in_transit_enabled": false,
                "network_type": "PARAVIRTUALIZED",
                "remote_data_volume_type": "PARAVIRTUALIZED"
              }
            ],
            "metadata": {
              "ssh_authorized_keys": "ssh-rsa AAAAB3NzaC1yc2EAAAADAQABAAABAQCxu6er/84BOEoTh6bq04a1uqH3gsnSIOmKUq/rMDlkYf4qjF0ayV07ogrSNN+ergJreZGyVOtDMk1C7i78LQVYBYKmTxdWDBJ4qVS2gaIhxPLUQbW5MXFwSbmBibSQh7tSFSv0kuistPui7m9DQdnAt9zfm55xlg6jCXgjZgb++VZ6xD3PEdLSepxnTx2LWZ8MCqTl9hEDzDVgie6ByG/Csd3eahXyYNQtbXb37xJZJET7janm0cHe5mQUa/4ktojgkTgzx6BHaOA6oFE7rPBwEsTiZV184ka4ODnJes/X9ScoJYkl+l3qwbrRyrge8NTcYM1sW25zy9YF212+686j glolee@Glorias-MacBook-Pro-2.local\nssh-rsa AAAAB3NzaC1yc2EAAAADAQABAAACAQDk9AQ8ynjFeNpO6oJ7/odoc2HJcoGvFXtIW/jOq0mbzJHu0FKUSzFt17TQAR8y0JMGzKGKI1HvXyJPIYlzwf6rWSNPtTgnl64DPzJg8oog5OnN/z5pbDu5wYxrN5qpmiLXBdEQ+IrU7HOqXrsZunGCxDPW0k1GsRh+fbr3GM7JW2m8Y1pzdyVeOyI9sBdHY3ZcTKEhBXB86nPWcszEL81ntf0VzIa4HDnI58cXiWUQDeyfXDvkKG2jTOqOry7dBhSrWgoFLC3hIVWl5v0TC1d9lfkXbD9YxOqCIsJIlyWhf3pkqsArUveXEQNlI/o8TbqOJAHHCXV4ERZ2BcfhVf+8YFh1qMNnOlpIu78qH9cSMhWHFwjmWirJqlyxjGLVgES61J1HkU5HAqgorIIyKuwAOYA8pD/pmXDdLRtVfbkZ1heSzhnE2gVerA1Vdz88A9UjiqI2y3MaAyV1wTJpgjctRnWSFZSavjZfMmoztoAadrMujxblRDs5fEzFLV6mq5bj5+yTSPS0v8T7XTQzhsFzM1ZnL54V5ljXCgqLvCPmUXO+6OT07HI722HF56tkjPgrjkhEpxtxoZIOp+nXpFzN/Cpsc8bdPEinl/Bu3ocfy1l027oYrSxZ3KMAxEhMIFtgkUlhPLqVxbvagDQf04rDnERKKEs6NmEUktwKJiYMtw==\n",
              "user_data": "I2Nsb3VkLWNvbmZpZwo="
            },
            "platform_config": [],
            "preemptible_instance_config": [],
            "preserve_boot_volume": null,
            "private_ip": "172.16.0.143",
            "public_ip": "168.138.50.190",
            "region": "ap-osaka-1",
            "shape": "VM.Standard2.1",
            "shape_config": [
              {
                "baseline_ocpu_utilization": "",
                "gpu_description": "",
                "gpus": 0,
                "local_disk_description": "",
                "local_disks": 0,
                "local_disks_total_size_in_gbs": 0,
                "max_vnic_attachments": 2,
                "memory_in_gbs": 15,
                "networking_bandwidth_in_gbps": 1,
                "ocpus": 1,
                "processor_description": "2.0 GHz Intel® Xeon® Platinum 8167M (Skylake)"
              }
            ],
            "source_details": [
              {
                "boot_volume_size_in_gbs": "50",
                "kms_key_id": "",
                "source_id": "ocid1.image.oc1.ap-osaka-1.aaaaaaaahyi63y5t276vuczheasrphzbxu72vephctqhyzyuxsvdbnr5txpa",
                "source_type": "image"
              }
            ],
            "state": "RUNNING",
            "subnet_id": "ocid1.subnet.oc1.ap-osaka-1.aaaaaaaa2fbp6hsqsle6sbur2j4oj4p5mfawcpakqxwkez2hts57qsde3dmq",
            "system_tags": {},
            "time_created": "2022-01-05 14:11:20.308 +0000 UTC",
            "time_maintenance_reboot_due": "",
            "timeouts": null
          },
          "private": "eyJlMmJmYjczMC1lY2FhLTExZTYtOGY4OC0zNDM2M2JjN2M0YzAiOnsiY3JlYXRlIjoyNzAwMDAwMDAwMDAwLCJkZWxldGUiOjQ1MDAwMDAwMDAwMDAsInVwZGF0ZSI6MjcwMDAwMDAwMDAwMH19",
          "dependencies": [
            "data.oci_core_images.linux",
            "data.oci_identity_region_subscriptions.home_region_subscriptions",
            "data.template_file.bastion_config",
            "oci_core_internet_gateway.ig1",
            "oci_core_route_table.public_route_table",
            "oci_core_security_list.public-security-list",
            "oci_core_subnet.public-subnet",
            "oci_core_vcn.vcn",
            "oci_identity_tag.ArchitectureCenterTag",
            "oci_identity_tag_namespace.ArchitectureCenterTagNamespace",
            "random_id.tag",
            "random_pet.name",
            "tls_private_key.ssh"
          ]
        }
      ]
    },
    {
      "mode": "managed",
      "type": "oci_core_instance_configuration",
      "name": "instance_pool_configuration",
      "provider": "provider[\"registry.terraform.io/hashicorp/oci\"]",
      "instances": [
        {
          "index_key": 0,
          "schema_version": 0,
          "attributes": {
            "compartment_id": "ocid1.compartment.oc1..aaaaaaaajtqmudf4ht53lbi5aq4oydwgaptfbmsyacxbxrinvqffcjhjnjoa",
            "deferred_fields": [
              "instanceDetails.launchDetails.createVnicDetails.subnetId"
            ],
            "defined_tags": {
              "ArchitectureCenter\\hpc-starccm-e0bf.release": "1.2",
              "Oracle-Tag.CreatedBy": "gloria",
              "Oracle-Tag.CreatedOn": "2022-01-05T14:11:10.268Z"
            },
            "display_name": "logical-robin",
            "freeform_tags": {},
            "id": "ocid1.instanceconfiguration.oc1.ap-osaka-1.aaaaaaaawroyle37ogqgd23ugkaariphbvt32rgrrvxqgkwcd3twzkforhtq",
            "instance_details": [
              {
                "block_volumes": [],
                "instance_type": "compute",
                "launch_details": [
                  {
                    "agent_config": [
                      {
                        "are_all_plugins_disabled": false,
                        "is_management_disabled": true,
                        "is_monitoring_disabled": false,
                        "plugins_config": []
                      }
                    ],
                    "availability_config": [],
                    "availability_domain": "kWVD:AP-OSAKA-1-AD-1",
                    "capacity_reservation_id": "",
                    "compartment_id": "ocid1.compartment.oc1..aaaaaaaajtqmudf4ht53lbi5aq4oydwgaptfbmsyacxbxrinvqffcjhjnjoa",
                    "create_vnic_details": [
                      {
                        "assign_private_dns_record": true,
                        "assign_public_ip": false,
                        "defined_tags": {},
                        "display_name": "",
                        "freeform_tags": {},
                        "hostname_label": "",
                        "nsg_ids": null,
                        "private_ip": "",
                        "skip_source_dest_check": false,
                        "subnet_id": ""
                      }
                    ],
                    "dedicated_vm_host_id": "",
                    "defined_tags": {},
                    "display_name": "logical-robin",
                    "extended_metadata": {},
                    "fault_domain": "",
                    "freeform_tags": {
                      "cluster_name": "logical-robin",
                      "parent_cluster": "logical-robin"
                    },
                    "instance_options": [],
                    "ipxe_script": "",
                    "is_pv_encryption_in_transit_enabled": false,
                    "launch_mode": "",
                    "launch_options": [],
                    "metadata": {
                      "ssh_authorized_keys": "ssh-rsa AAAAB3NzaC1yc2EAAAADAQABAAABAQCxu6er/84BOEoTh6bq04a1uqH3gsnSIOmKUq/rMDlkYf4qjF0ayV07ogrSNN+ergJreZGyVOtDMk1C7i78LQVYBYKmTxdWDBJ4qVS2gaIhxPLUQbW5MXFwSbmBibSQh7tSFSv0kuistPui7m9DQdnAt9zfm55xlg6jCXgjZgb++VZ6xD3PEdLSepxnTx2LWZ8MCqTl9hEDzDVgie6ByG/Csd3eahXyYNQtbXb37xJZJET7janm0cHe5mQUa/4ktojgkTgzx6BHaOA6oFE7rPBwEsTiZV184ka4ODnJes/X9ScoJYkl+l3qwbrRyrge8NTcYM1sW25zy9YF212+686j glolee@Glorias-MacBook-Pro-2.local\nssh-rsa AAAAB3NzaC1yc2EAAAADAQABAAACAQDk9AQ8ynjFeNpO6oJ7/odoc2HJcoGvFXtIW/jOq0mbzJHu0FKUSzFt17TQAR8y0JMGzKGKI1HvXyJPIYlzwf6rWSNPtTgnl64DPzJg8oog5OnN/z5pbDu5wYxrN5qpmiLXBdEQ+IrU7HOqXrsZunGCxDPW0k1GsRh+fbr3GM7JW2m8Y1pzdyVeOyI9sBdHY3ZcTKEhBXB86nPWcszEL81ntf0VzIa4HDnI58cXiWUQDeyfXDvkKG2jTOqOry7dBhSrWgoFLC3hIVWl5v0TC1d9lfkXbD9YxOqCIsJIlyWhf3pkqsArUveXEQNlI/o8TbqOJAHHCXV4ERZ2BcfhVf+8YFh1qMNnOlpIu78qH9cSMhWHFwjmWirJqlyxjGLVgES61J1HkU5HAqgorIIyKuwAOYA8pD/pmXDdLRtVfbkZ1heSzhnE2gVerA1Vdz88A9UjiqI2y3MaAyV1wTJpgjctRnWSFZSavjZfMmoztoAadrMujxblRDs5fEzFLV6mq5bj5+yTSPS0v8T7XTQzhsFzM1ZnL54V5ljXCgqLvCPmUXO+6OT07HI722HF56tkjPgrjkhEpxtxoZIOp+nXpFzN/Cpsc8bdPEinl/Bu3ocfy1l027oYrSxZ3KMAxEhMIFtgkUlhPLqVxbvagDQf04rDnERKKEs6NmEUktwKJiYMtw==\n",
                      "user_data": "I2Nsb3VkLWNvbmZpZwo="
                    },
                    "platform_config": [],
                    "preemptible_instance_config": [],
                    "preferred_maintenance_action": "",
                    "shape": "BM.GPU3.8",
                    "shape_config": [],
                    "source_details": [
                      {
                        "boot_volume_id": "",
                        "boot_volume_size_in_gbs": "50",
                        "image_id": "ocid1.image.oc1.ap-osaka-1.aaaaaaaa4tvgmfbxfazxsiqnwguizi47npgnsc5qx5ekbi724vukbtfwhjca",
                        "source_type": "image"
                      }
                    ]
                  }
                ],
                "secondary_vnics": []
              }
            ],
            "instance_id": null,
            "source": "NONE",
            "time_created": "2022-01-05 14:11:11.037 +0000 UTC",
            "timeouts": null
          },
          "private": "eyJlMmJmYjczMC1lY2FhLTExZTYtOGY4OC0zNDM2M2JjN2M0YzAiOnsiY3JlYXRlIjoxMjAwMDAwMDAwMDAwLCJkZWxldGUiOjEyMDAwMDAwMDAwMDAsInVwZGF0ZSI6MTIwMDAwMDAwMDAwMH19",
          "dependencies": [
            "data.oci_identity_region_subscriptions.home_region_subscriptions",
            "data.template_file.config",
            "oci_core_app_catalog_subscription.mp_image_subscription",
            "oci_identity_tag.ArchitectureCenterTag",
            "oci_identity_tag_namespace.ArchitectureCenterTagNamespace",
            "random_id.tag",
            "random_pet.name",
            "tls_private_key.ssh"
          ]
        }
      ]
    },
    {
      "mode": "managed",
      "type": "oci_core_instance_pool",
      "name": "instance_pool",
      "provider": "provider[\"registry.terraform.io/hashicorp/oci\"]",
      "instances": [
        {
          "index_key": 0,
          "schema_version": 0,
          "attributes": {
            "actual_size": 1,
            "compartment_id": "ocid1.compartment.oc1..aaaaaaaajtqmudf4ht53lbi5aq4oydwgaptfbmsyacxbxrinvqffcjhjnjoa",
            "defined_tags": {
              "ArchitectureCenter\\hpc-starccm-e0bf.release": "1.2",
              "Oracle-Tag.CreatedBy": "gloria",
              "Oracle-Tag.CreatedOn": "2022-01-05T14:11:21.334Z"
            },
            "display_name": "logical-robin",
            "freeform_tags": {
              "cluster_name": "logical-robin",
              "parent_cluster": "logical-robin"
            },
            "id": "ocid1.instancepool.oc1.ap-osaka-1.aaaaaaaamx5lb5v3px6mvleuozwk32xrbxrcprfc4y2mwugds2wvnzpoeuna",
            "instance_configuration_id": "ocid1.instanceconfiguration.oc1.ap-osaka-1.aaaaaaaawroyle37ogqgd23ugkaariphbvt32rgrrvxqgkwcd3twzkforhtq",
            "load_balancers": [],
            "placement_configurations": [
              {
                "availability_domain": "kWVD:AP-OSAKA-1-AD-1",
                "fault_domains": [],
                "primary_subnet_id": "ocid1.subnet.oc1.ap-osaka-1.aaaaaaaak6lp57tnun4rvpghxqvzynb5grs3mqpqryipnmte3roonzbzfpba",
                "secondary_vnic_subnets": []
              }
            ],
            "size": 1,
            "state": "RUNNING",
            "time_created": "2022-01-05 14:11:22.343 +0000 UTC",
            "timeouts": {
              "create": "180m",
              "delete": null,
              "update": null
            }
          },
          "private": "eyJlMmJmYjczMC1lY2FhLTExZTYtOGY4OC0zNDM2M2JjN2M0YzAiOnsiY3JlYXRlIjoxMDgwMDAwMDAwMDAwMCwiZGVsZXRlIjozNjAwMDAwMDAwMDAwLCJ1cGRhdGUiOjM2MDAwMDAwMDAwMDB9fQ==",
          "dependencies": [
            "data.oci_core_services.services",
            "data.oci_identity_region_subscriptions.home_region_subscriptions",
            "data.template_file.config",
            "oci_core_app_catalog_subscription.mp_image_subscription",
            "oci_core_instance_configuration.instance_pool_configuration",
            "oci_core_internet_gateway.ig1",
            "oci_core_nat_gateway.ng1",
            "oci_core_route_table.private_route_table",
            "oci_core_route_table.public_route_table",
            "oci_core_security_list.internal-security-list",
            "oci_core_security_list.public-security-list",
            "oci_core_service_gateway.sg1",
            "oci_core_subnet.private-subnet",
            "oci_core_subnet.public-subnet",
            "oci_core_vcn.vcn",
            "oci_identity_tag.ArchitectureCenterTag",
            "oci_identity_tag_namespace.ArchitectureCenterTagNamespace",
            "random_id.tag",
            "random_pet.name",
            "tls_private_key.ssh"
          ]
        }
      ]
    },
    {
      "mode": "managed",
      "type": "oci_core_internet_gateway",
      "name": "ig1",
      "provider": "provider[\"registry.terraform.io/hashicorp/oci\"]",
      "instances": [
        {
          "index_key": 0,
          "schema_version": 0,
          "attributes": {
            "compartment_id": "ocid1.compartment.oc1..aaaaaaaajtqmudf4ht53lbi5aq4oydwgaptfbmsyacxbxrinvqffcjhjnjoa",
            "defined_tags": {
              "ArchitectureCenter\\hpc-starccm-e0bf.release": "1.2",
              "Oracle-Tag.CreatedBy": "gloria",
              "Oracle-Tag.CreatedOn": "2022-01-05T14:11:11.881Z"
            },
            "display_name": "logical-robin_internet-gateway",
            "enabled": true,
            "freeform_tags": {},
            "id": "ocid1.internetgateway.oc1.ap-osaka-1.aaaaaaaa3xtdelrf4g6dynwfjij7ofgt2t6dym2unmbod2bdzrkjr7zmvmaa",
            "state": "AVAILABLE",
            "time_created": "2022-01-05 14:11:11.923 +0000 UTC",
            "timeouts": null,
            "vcn_id": "ocid1.vcn.oc1.ap-osaka-1.amaaaaaa7rhxvoaa5gqpeewny6uk7czxvbqtlwt6prgk2cmxdc2fmgvdnlpq"
          },
          "private": "eyJlMmJmYjczMC1lY2FhLTExZTYtOGY4OC0zNDM2M2JjN2M0YzAiOnsiY3JlYXRlIjoxMjAwMDAwMDAwMDAwLCJkZWxldGUiOjEyMDAwMDAwMDAwMDAsInVwZGF0ZSI6MTIwMDAwMDAwMDAwMH19",
          "dependencies": [
            "data.oci_identity_region_subscriptions.home_region_subscriptions",
            "oci_core_vcn.vcn",
            "oci_identity_tag.ArchitectureCenterTag",
            "oci_identity_tag_namespace.ArchitectureCenterTagNamespace",
            "random_id.tag",
            "random_pet.name"
          ]
        }
      ]
    },
    {
      "mode": "managed",
      "type": "oci_core_nat_gateway",
      "name": "ng1",
      "provider": "provider[\"registry.terraform.io/hashicorp/oci\"]",
      "instances": [
        {
          "index_key": 0,
          "schema_version": 0,
          "attributes": {
            "block_traffic": false,
            "compartment_id": "ocid1.compartment.oc1..aaaaaaaajtqmudf4ht53lbi5aq4oydwgaptfbmsyacxbxrinvqffcjhjnjoa",
            "defined_tags": {
              "ArchitectureCenter\\hpc-starccm-e0bf.release": "1.2",
              "Oracle-Tag.CreatedBy": "gloria",
              "Oracle-Tag.CreatedOn": "2022-01-05T14:11:12.265Z"
            },
            "display_name": "logical-robin_nat-gateway",
            "freeform_tags": {},
            "id": "ocid1.natgateway.oc1.ap-osaka-1.aaaaaaaaec3verlofdb3nvcsisy6bnn46pnr5ddng7wob6yu3zbkvzmnasfa",
            "nat_ip": "140.83.62.99",
            "public_ip_id": "ocid1.publicip.oc1.ap-osaka-1.aaaaaaaa5exhgijmb45wkdyfxa6be7vz2i57hblftf53erwk3rkc4v2l4zea",
            "state": "AVAILABLE",
            "time_created": "2022-01-05 14:11:12.651 +0000 UTC",
            "timeouts": null,
            "vcn_id": "ocid1.vcn.oc1.ap-osaka-1.amaaaaaa7rhxvoaa5gqpeewny6uk7czxvbqtlwt6prgk2cmxdc2fmgvdnlpq"
          },
          "private": "eyJlMmJmYjczMC1lY2FhLTExZTYtOGY4OC0zNDM2M2JjN2M0YzAiOnsiY3JlYXRlIjoxMjAwMDAwMDAwMDAwLCJkZWxldGUiOjEyMDAwMDAwMDAwMDAsInVwZGF0ZSI6MTIwMDAwMDAwMDAwMH19",
          "dependencies": [
            "data.oci_identity_region_subscriptions.home_region_subscriptions",
            "oci_core_vcn.vcn",
            "oci_identity_tag.ArchitectureCenterTag",
            "oci_identity_tag_namespace.ArchitectureCenterTagNamespace",
            "random_id.tag",
            "random_pet.name"
          ]
        }
      ]
    },
    {
      "mode": "managed",
      "type": "oci_core_route_table",
      "name": "private_route_table",
      "provider": "provider[\"registry.terraform.io/hashicorp/oci\"]",
      "instances": [
        {
          "index_key": 0,
          "schema_version": 0,
          "attributes": {
            "compartment_id": "ocid1.compartment.oc1..aaaaaaaajtqmudf4ht53lbi5aq4oydwgaptfbmsyacxbxrinvqffcjhjnjoa",
            "defined_tags": {
              "ArchitectureCenter\\hpc-starccm-e0bf.release": "1.2",
              "Oracle-Tag.CreatedBy": "gloria",
              "Oracle-Tag.CreatedOn": "2022-01-05T14:11:14.757Z"
            },
            "display_name": "logical-robin_private_route_table",
            "freeform_tags": {},
            "id": "ocid1.routetable.oc1.ap-osaka-1.aaaaaaaaolsb2yzfsvms75ruygy4ln6xnwmycx33726xzyrr6bpdusxxh6za",
            "route_rules": [
              {
                "cidr_block": "",
                "description": "",
                "destination": "0.0.0.0/0",
                "destination_type": "CIDR_BLOCK",
                "network_entity_id": "ocid1.natgateway.oc1.ap-osaka-1.aaaaaaaaec3verlofdb3nvcsisy6bnn46pnr5ddng7wob6yu3zbkvzmnasfa"
              },
              {
                "cidr_block": "",
                "description": "",
                "destination": "all-kix-services-in-oracle-services-network",
                "destination_type": "SERVICE_CIDR_BLOCK",
                "network_entity_id": "ocid1.servicegateway.oc1.ap-osaka-1.aaaaaaaavm5xg6xa7sg5kn4bvkpxfvdyl3kg5xbxhr33lan2b3iuxnhqqpzq"
              }
            ],
            "state": "AVAILABLE",
            "time_created": "2022-01-05 14:11:14.795 +0000 UTC",
            "timeouts": null,
            "vcn_id": "ocid1.vcn.oc1.ap-osaka-1.amaaaaaa7rhxvoaa5gqpeewny6uk7czxvbqtlwt6prgk2cmxdc2fmgvdnlpq"
          },
          "private": "eyJlMmJmYjczMC1lY2FhLTExZTYtOGY4OC0zNDM2M2JjN2M0YzAiOnsiY3JlYXRlIjoxMjAwMDAwMDAwMDAwLCJkZWxldGUiOjEyMDAwMDAwMDAwMDAsInVwZGF0ZSI6MTIwMDAwMDAwMDAwMH19",
          "dependencies": [
            "data.oci_core_services.services",
            "data.oci_identity_region_subscriptions.home_region_subscriptions",
            "oci_core_nat_gateway.ng1",
            "oci_core_service_gateway.sg1",
            "oci_core_vcn.vcn",
            "oci_identity_tag.ArchitectureCenterTag",
            "oci_identity_tag_namespace.ArchitectureCenterTagNamespace",
            "random_id.tag",
            "random_pet.name"
          ]
        }
      ]
    },
    {
      "mode": "managed",
      "type": "oci_core_route_table",
      "name": "public_route_table",
      "provider": "provider[\"registry.terraform.io/hashicorp/oci\"]",
      "instances": [
        {
          "index_key": 0,
          "schema_version": 0,
          "attributes": {
            "compartment_id": "ocid1.compartment.oc1..aaaaaaaajtqmudf4ht53lbi5aq4oydwgaptfbmsyacxbxrinvqffcjhjnjoa",
            "defined_tags": {
              "ArchitectureCenter\\hpc-starccm-e0bf.release": "1.2",
              "Oracle-Tag.CreatedBy": "gloria",
              "Oracle-Tag.CreatedOn": "2022-01-05T14:11:13.024Z"
            },
            "display_name": "logical-robin_public_route_table",
            "freeform_tags": {},
            "id": "ocid1.routetable.oc1.ap-osaka-1.aaaaaaaajasbdke74lcgeao5sef52xj4zylvn3kfwh5t7p46zbtkbqcyj6sq",
            "route_rules": [
              {
                "cidr_block": "",
                "description": "",
                "destination": "0.0.0.0/0",
                "destination_type": "CIDR_BLOCK",
                "network_entity_id": "ocid1.internetgateway.oc1.ap-osaka-1.aaaaaaaa3xtdelrf4g6dynwfjij7ofgt2t6dym2unmbod2bdzrkjr7zmvmaa"
              }
            ],
            "state": "AVAILABLE",
            "time_created": "2022-01-05 14:11:13.065 +0000 UTC",
            "timeouts": null,
            "vcn_id": "ocid1.vcn.oc1.ap-osaka-1.amaaaaaa7rhxvoaa5gqpeewny6uk7czxvbqtlwt6prgk2cmxdc2fmgvdnlpq"
          },
          "private": "eyJlMmJmYjczMC1lY2FhLTExZTYtOGY4OC0zNDM2M2JjN2M0YzAiOnsiY3JlYXRlIjoxMjAwMDAwMDAwMDAwLCJkZWxldGUiOjEyMDAwMDAwMDAwMDAsInVwZGF0ZSI6MTIwMDAwMDAwMDAwMH19",
          "dependencies": [
            "data.oci_identity_region_subscriptions.home_region_subscriptions",
            "oci_core_internet_gateway.ig1",
            "oci_core_vcn.vcn",
            "oci_identity_tag.ArchitectureCenterTag",
            "oci_identity_tag_namespace.ArchitectureCenterTagNamespace",
            "random_id.tag",
            "random_pet.name"
          ]
        }
      ]
    },
    {
      "mode": "managed",
      "type": "oci_core_security_list",
      "name": "internal-security-list",
      "provider": "provider[\"registry.terraform.io/hashicorp/oci\"]",
      "instances": [
        {
          "index_key": 0,
          "schema_version": 0,
          "attributes": {
            "compartment_id": "ocid1.compartment.oc1..aaaaaaaajtqmudf4ht53lbi5aq4oydwgaptfbmsyacxbxrinvqffcjhjnjoa",
            "defined_tags": {
              "ArchitectureCenter\\hpc-starccm-e0bf.release": "1.2",
              "Oracle-Tag.CreatedBy": "gloria",
              "Oracle-Tag.CreatedOn": "2022-01-05T14:11:12.519Z"
            },
            "display_name": "securitylist20220105141112",
            "egress_security_rules": [
              {
                "description": "",
                "destination": "0.0.0.0/0",
                "destination_type": "CIDR_BLOCK",
                "icmp_options": [],
                "protocol": "all",
                "stateless": false,
                "tcp_options": [],
                "udp_options": []
              }
            ],
            "freeform_tags": {},
            "id": "ocid1.securitylist.oc1.ap-osaka-1.aaaaaaaaijub476wwxlg3puh67vrdaaj5cwzsr4rcy2ahk4rsg5lmiwxl3gq",
            "ingress_security_rules": [
              {
                "description": "",
                "icmp_options": [
                  {
                    "code": -1,
                    "type": 3
                  }
                ],
                "protocol": "1",
                "source": "172.16.0.0/21",
                "source_type": "CIDR_BLOCK",
                "stateless": false,
                "tcp_options": [],
                "udp_options": []
              },
              {
                "description": "",
                "icmp_options": [
                  {
                    "code": 4,
                    "type": 3
                  }
                ],
                "protocol": "1",
                "source": "0.0.0.0/0",
                "source_type": "CIDR_BLOCK",
                "stateless": false,
                "tcp_options": [],
                "udp_options": []
              },
              {
                "description": "",
                "icmp_options": [],
                "protocol": "all",
                "source": "172.16.0.0/21",
                "source_type": "CIDR_BLOCK",
                "stateless": false,
                "tcp_options": [],
                "udp_options": []
              }
            ],
            "state": "AVAILABLE",
            "time_created": "2022-01-05 14:11:12.557 +0000 UTC",
            "timeouts": null,
            "vcn_id": "ocid1.vcn.oc1.ap-osaka-1.amaaaaaa7rhxvoaa5gqpeewny6uk7czxvbqtlwt6prgk2cmxdc2fmgvdnlpq"
          },
          "private": "eyJlMmJmYjczMC1lY2FhLTExZTYtOGY4OC0zNDM2M2JjN2M0YzAiOnsiY3JlYXRlIjoxMjAwMDAwMDAwMDAwLCJkZWxldGUiOjEyMDAwMDAwMDAwMDAsInVwZGF0ZSI6MTIwMDAwMDAwMDAwMH19",
          "dependencies": [
            "data.oci_identity_region_subscriptions.home_region_subscriptions",
            "oci_core_vcn.vcn",
            "oci_identity_tag.ArchitectureCenterTag",
            "oci_identity_tag_namespace.ArchitectureCenterTagNamespace",
            "random_id.tag",
            "random_pet.name"
          ]
        }
      ]
    },
    {
      "mode": "managed",
      "type": "oci_core_security_list",
      "name": "public-security-list",
      "provider": "provider[\"registry.terraform.io/hashicorp/oci\"]",
      "instances": [
        {
          "index_key": 0,
          "schema_version": 0,
          "attributes": {
            "compartment_id": "ocid1.compartment.oc1..aaaaaaaajtqmudf4ht53lbi5aq4oydwgaptfbmsyacxbxrinvqffcjhjnjoa",
            "defined_tags": {
              "ArchitectureCenter\\hpc-starccm-e0bf.release": "1.2",
              "Oracle-Tag.CreatedBy": "gloria",
              "Oracle-Tag.CreatedOn": "2022-01-05T14:11:12.519Z"
            },
            "display_name": "securitylist20220105141112",
            "egress_security_rules": [
              {
                "description": "",
                "destination": "0.0.0.0/0",
                "destination_type": "CIDR_BLOCK",
                "icmp_options": [],
                "protocol": "all",
                "stateless": false,
                "tcp_options": [],
                "udp_options": []
              }
            ],
            "freeform_tags": {},
            "id": "ocid1.securitylist.oc1.ap-osaka-1.aaaaaaaa3vpztybwnklfe4inmnbh6xkptxsreboj5qybj5kmc6jylxm24uga",
            "ingress_security_rules": [
              {
                "description": "",
                "icmp_options": [
                  {
                    "code": -1,
                    "type": 3
                  }
                ],
                "protocol": "1",
                "source": "172.16.0.0/21",
                "source_type": "CIDR_BLOCK",
                "stateless": false,
                "tcp_options": [],
                "udp_options": []
              },
              {
                "description": "",
                "icmp_options": [
                  {
                    "code": 4,
                    "type": 3
                  }
                ],
                "protocol": "1",
                "source": "0.0.0.0/0",
                "source_type": "CIDR_BLOCK",
                "stateless": false,
                "tcp_options": [],
                "udp_options": []
              },
              {
                "description": "",
                "icmp_options": [],
                "protocol": "6",
                "source": "0.0.0.0/0",
                "source_type": "CIDR_BLOCK",
                "stateless": false,
                "tcp_options": [
                  {
                    "max": 22,
                    "min": 22,
                    "source_port_range": []
                  }
                ],
                "udp_options": []
              },
              {
                "description": "",
                "icmp_options": [],
                "protocol": "all",
                "source": "172.16.0.0/21",
                "source_type": "CIDR_BLOCK",
                "stateless": false,
                "tcp_options": [],
                "udp_options": []
              }
            ],
            "state": "AVAILABLE",
            "time_created": "2022-01-05 14:11:12.596 +0000 UTC",
            "timeouts": null,
            "vcn_id": "ocid1.vcn.oc1.ap-osaka-1.amaaaaaa7rhxvoaa5gqpeewny6uk7czxvbqtlwt6prgk2cmxdc2fmgvdnlpq"
          },
          "private": "eyJlMmJmYjczMC1lY2FhLTExZTYtOGY4OC0zNDM2M2JjN2M0YzAiOnsiY3JlYXRlIjoxMjAwMDAwMDAwMDAwLCJkZWxldGUiOjEyMDAwMDAwMDAwMDAsInVwZGF0ZSI6MTIwMDAwMDAwMDAwMH19",
          "dependencies": [
            "data.oci_identity_region_subscriptions.home_region_subscriptions",
            "oci_core_vcn.vcn",
            "oci_identity_tag.ArchitectureCenterTag",
            "oci_identity_tag_namespace.ArchitectureCenterTagNamespace",
            "random_id.tag",
            "random_pet.name"
          ]
        }
      ]
    },
    {
      "mode": "managed",
      "type": "oci_core_service_gateway",
      "name": "sg1",
      "provider": "provider[\"registry.terraform.io/hashicorp/oci\"]",
      "instances": [
        {
          "index_key": 0,
          "schema_version": 0,
          "attributes": {
            "block_traffic": false,
            "compartment_id": "ocid1.compartment.oc1..aaaaaaaajtqmudf4ht53lbi5aq4oydwgaptfbmsyacxbxrinvqffcjhjnjoa",
            "defined_tags": {
              "ArchitectureCenter\\hpc-starccm-e0bf.release": "1.2",
              "Oracle-Tag.CreatedBy": "gloria",
              "Oracle-Tag.CreatedOn": "2022-01-05T14:11:12.334Z"
            },
            "display_name": "logical-robin_service-gateway",
            "freeform_tags": {},
            "id": "ocid1.servicegateway.oc1.ap-osaka-1.aaaaaaaavm5xg6xa7sg5kn4bvkpxfvdyl3kg5xbxhr33lan2b3iuxnhqqpzq",
            "route_table_id": null,
            "services": [
              {
                "service_id": "ocid1.service.oc1.ap-osaka-1.aaaaaaaanpw2x646vasmcdktlznzhf7mwmcgf4hhmw5zepgspmseokxjyj4q",
                "service_name": "All KIX Services In Oracle Services Network"
              }
            ],
            "state": "AVAILABLE",
            "time_created": "2022-01-05 14:11:12.934 +0000 UTC",
            "timeouts": null,
            "vcn_id": "ocid1.vcn.oc1.ap-osaka-1.amaaaaaa7rhxvoaa5gqpeewny6uk7czxvbqtlwt6prgk2cmxdc2fmgvdnlpq"
          },
          "private": "eyJlMmJmYjczMC1lY2FhLTExZTYtOGY4OC0zNDM2M2JjN2M0YzAiOnsiY3JlYXRlIjoxMjAwMDAwMDAwMDAwLCJkZWxldGUiOjEyMDAwMDAwMDAwMDAsInVwZGF0ZSI6MTIwMDAwMDAwMDAwMH19",
          "dependencies": [
            "data.oci_core_services.services",
            "data.oci_identity_region_subscriptions.home_region_subscriptions",
            "oci_core_vcn.vcn",
            "oci_identity_tag.ArchitectureCenterTag",
            "oci_identity_tag_namespace.ArchitectureCenterTagNamespace",
            "random_id.tag",
            "random_pet.name"
          ]
        }
      ]
    },
    {
      "mode": "managed",
      "type": "oci_core_subnet",
      "name": "private-subnet",
      "provider": "provider[\"registry.terraform.io/hashicorp/oci\"]",
      "instances": [
        {
          "index_key": 0,
          "schema_version": 0,
          "attributes": {
            "availability_domain": null,
            "cidr_block": "172.16.1.0/24",
            "compartment_id": "ocid1.compartment.oc1..aaaaaaaajtqmudf4ht53lbi5aq4oydwgaptfbmsyacxbxrinvqffcjhjnjoa",
            "defined_tags": {
              "ArchitectureCenter\\hpc-starccm-e0bf.release": "1.2",
              "Oracle-Tag.CreatedBy": "gloria",
              "Oracle-Tag.CreatedOn": "2022-01-05T14:11:15.783Z"
            },
            "dhcp_options_id": "ocid1.dhcpoptions.oc1.ap-osaka-1.aaaaaaaamuvfshu4gnz76cjzpnc5pqqoueyuvaitg3prexrmj7653q33befq",
            "display_name": "logical-robin_private_subnet",
            "dns_label": "private",
            "freeform_tags": {},
            "id": "ocid1.subnet.oc1.ap-osaka-1.aaaaaaaak6lp57tnun4rvpghxqvzynb5grs3mqpqryipnmte3roonzbzfpba",
            "ipv6cidr_block": null,
            "ipv6virtual_router_ip": null,
            "prohibit_internet_ingress": true,
            "prohibit_public_ip_on_vnic": true,
            "route_table_id": "ocid1.routetable.oc1.ap-osaka-1.aaaaaaaaolsb2yzfsvms75ruygy4ln6xnwmycx33726xzyrr6bpdusxxh6za",
            "security_list_ids": [
              "ocid1.securitylist.oc1.ap-osaka-1.aaaaaaaaijub476wwxlg3puh67vrdaaj5cwzsr4rcy2ahk4rsg5lmiwxl3gq"
            ],
            "state": "AVAILABLE",
            "subnet_domain_name": "private.cluster.oraclevcn.com",
            "time_created": "2022-01-05 14:11:15.84 +0000 UTC",
            "timeouts": null,
            "vcn_id": "ocid1.vcn.oc1.ap-osaka-1.amaaaaaa7rhxvoaa5gqpeewny6uk7czxvbqtlwt6prgk2cmxdc2fmgvdnlpq",
            "virtual_router_ip": "172.16.1.1",
            "virtual_router_mac": "00:00:17:B1:54:73"
          },
          "private": "eyJlMmJmYjczMC1lY2FhLTExZTYtOGY4OC0zNDM2M2JjN2M0YzAiOnsiY3JlYXRlIjoxMjAwMDAwMDAwMDAwLCJkZWxldGUiOjEyMDAwMDAwMDAwMDAsInVwZGF0ZSI6MTIwMDAwMDAwMDAwMH19",
          "dependencies": [
            "data.oci_core_services.services",
            "data.oci_identity_region_subscriptions.home_region_subscriptions",
            "oci_core_nat_gateway.ng1",
            "oci_core_route_table.private_route_table",
            "oci_core_security_list.internal-security-list",
            "oci_core_service_gateway.sg1",
            "oci_core_vcn.vcn",
            "oci_identity_tag.ArchitectureCenterTag",
            "oci_identity_tag_namespace.ArchitectureCenterTagNamespace",
            "random_id.tag",
            "random_pet.name"
          ]
        }
      ]
    },
    {
      "mode": "managed",
      "type": "oci_core_subnet",
      "name": "public-subnet",
      "provider": "provider[\"registry.terraform.io/hashicorp/oci\"]",
      "instances": [
        {
          "index_key": 0,
          "schema_version": 0,
          "attributes": {
            "availability_domain": null,
            "cidr_block": "172.16.0.0/24",
            "compartment_id": "ocid1.compartment.oc1..aaaaaaaajtqmudf4ht53lbi5aq4oydwgaptfbmsyacxbxrinvqffcjhjnjoa",
            "defined_tags": {
              "ArchitectureCenter\\hpc-starccm-e0bf.release": "1.2",
              "Oracle-Tag.CreatedBy": "gloria",
              "Oracle-Tag.CreatedOn": "2022-01-05T14:11:13.858Z"
            },
            "dhcp_options_id": "ocid1.dhcpoptions.oc1.ap-osaka-1.aaaaaaaamuvfshu4gnz76cjzpnc5pqqoueyuvaitg3prexrmj7653q33befq",
            "display_name": "logical-robin_public_subnet",
            "dns_label": "public",
            "freeform_tags": {},
            "id": "ocid1.subnet.oc1.ap-osaka-1.aaaaaaaa2fbp6hsqsle6sbur2j4oj4p5mfawcpakqxwkez2hts57qsde3dmq",
            "ipv6cidr_block": null,
            "ipv6virtual_router_ip": null,
            "prohibit_internet_ingress": false,
            "prohibit_public_ip_on_vnic": false,
            "route_table_id": "ocid1.routetable.oc1.ap-osaka-1.aaaaaaaajasbdke74lcgeao5sef52xj4zylvn3kfwh5t7p46zbtkbqcyj6sq",
            "security_list_ids": [
              "ocid1.securitylist.oc1.ap-osaka-1.aaaaaaaa3vpztybwnklfe4inmnbh6xkptxsreboj5qybj5kmc6jylxm24uga"
            ],
            "state": "AVAILABLE",
            "subnet_domain_name": "public.cluster.oraclevcn.com",
            "time_created": "2022-01-05 14:11:13.909 +0000 UTC",
            "timeouts": null,
            "vcn_id": "ocid1.vcn.oc1.ap-osaka-1.amaaaaaa7rhxvoaa5gqpeewny6uk7czxvbqtlwt6prgk2cmxdc2fmgvdnlpq",
            "virtual_router_ip": "172.16.0.1",
            "virtual_router_mac": "00:00:17:B1:54:73"
          },
          "private": "eyJlMmJmYjczMC1lY2FhLTExZTYtOGY4OC0zNDM2M2JjN2M0YzAiOnsiY3JlYXRlIjoxMjAwMDAwMDAwMDAwLCJkZWxldGUiOjEyMDAwMDAwMDAwMDAsInVwZGF0ZSI6MTIwMDAwMDAwMDAwMH19",
          "dependencies": [
            "data.oci_identity_region_subscriptions.home_region_subscriptions",
            "oci_core_internet_gateway.ig1",
            "oci_core_route_table.public_route_table",
            "oci_core_security_list.public-security-list",
            "oci_core_vcn.vcn",
            "oci_identity_tag.ArchitectureCenterTag",
            "oci_identity_tag_namespace.ArchitectureCenterTagNamespace",
            "random_id.tag",
            "random_pet.name"
          ]
        }
      ]
    },
    {
      "mode": "managed",
      "type": "oci_core_vcn",
      "name": "vcn",
      "provider": "provider[\"registry.terraform.io/hashicorp/oci\"]",
      "instances": [
        {
          "index_key": 0,
          "schema_version": 0,
          "attributes": {
            "cidr_block": "172.16.0.0/21",
            "cidr_blocks": [
              "172.16.0.0/21"
            ],
            "compartment_id": "ocid1.compartment.oc1..aaaaaaaajtqmudf4ht53lbi5aq4oydwgaptfbmsyacxbxrinvqffcjhjnjoa",
            "default_dhcp_options_id": "ocid1.dhcpoptions.oc1.ap-osaka-1.aaaaaaaamuvfshu4gnz76cjzpnc5pqqoueyuvaitg3prexrmj7653q33befq",
            "default_route_table_id": "ocid1.routetable.oc1.ap-osaka-1.aaaaaaaaysye6iuoqwcp6pcwj36eufipvkalt4fplhpmgber3fi6sfvgikza",
            "default_security_list_id": "ocid1.securitylist.oc1.ap-osaka-1.aaaaaaaa7qggtoadtgagcb4la5o372q6nrjgeflvhscqvt3shevpxqw7z2aq",
            "defined_tags": {
              "ArchitectureCenter\\hpc-starccm-e0bf.release": "1.2",
              "Oracle-Tag.CreatedBy": "gloria",
              "Oracle-Tag.CreatedOn": "2022-01-05T14:11:10.271Z"
            },
            "display_name": "logical-robin_VCN",
            "dns_label": "cluster",
            "freeform_tags": {},
            "id": "ocid1.vcn.oc1.ap-osaka-1.amaaaaaa7rhxvoaa5gqpeewny6uk7czxvbqtlwt6prgk2cmxdc2fmgvdnlpq",
            "ipv6cidr_blocks": [],
            "is_ipv6enabled": false,
            "state": "AVAILABLE",
            "time_created": "2022-01-05 14:11:10.377 +0000 UTC",
            "timeouts": null,
            "vcn_domain_name": "cluster.oraclevcn.com"
          },
          "private": "eyJlMmJmYjczMC1lY2FhLTExZTYtOGY4OC0zNDM2M2JjN2M0YzAiOnsiY3JlYXRlIjoxMjAwMDAwMDAwMDAwLCJkZWxldGUiOjEyMDAwMDAwMDAwMDAsInVwZGF0ZSI6MTIwMDAwMDAwMDAwMH19",
          "dependencies": [
            "data.oci_identity_region_subscriptions.home_region_subscriptions",
            "oci_identity_tag.ArchitectureCenterTag",
            "oci_identity_tag_namespace.ArchitectureCenterTagNamespace",
            "random_id.tag",
            "random_pet.name"
          ]
        }
      ]
    },
    {
      "mode": "managed",
      "type": "oci_identity_tag",
      "name": "ArchitectureCenterTag",
      "provider": "provider[\"registry.terraform.io/hashicorp/oci\"].homeregion",
      "instances": [
        {
          "schema_version": 0,
          "attributes": {
            "defined_tags": {
              "Oracle-Tag.CreatedBy": "gloria",
              "Oracle-Tag.CreatedOn": "2022-01-05T14:09:06.152Z"
            },
            "description": "ArchitectureCenterTag",
            "freeform_tags": {},
            "id": "ocid1.tagdefinition.oc1..aaaaaaaa5jdjweh2imn6vlidnwnjagher7c52lsw4e6qb4ump6isitkl7nua",
            "is_cost_tracking": false,
            "is_retired": false,
            "name": "release",
            "state": "ACTIVE",
            "tag_namespace_id": "ocid1.tagnamespace.oc1..aaaaaaaalsln3bc3esbuyw6zazfntyshzmhklgnkm3oafykaltpvqiwh6dmq",
            "time_created": "2022-01-05 14:09:06.173 +0000 UTC",
            "timeouts": null,
            "validator": [
              {
                "validator_type": "ENUM",
                "values": [
                  "release",
                  "1.2"
                ]
              }
            ]
          },
          "private": "eyJlMmJmYjczMC1lY2FhLTExZTYtOGY4OC0zNDM2M2JjN2M0YzAiOnsiY3JlYXRlIjo5MDAwMDAwMDAwMDAsImRlbGV0ZSI6NDMyMDAwMDAwMDAwMDAsInVwZGF0ZSI6OTAwMDAwMDAwMDAwfX0=",
          "dependencies": [
            "data.oci_identity_region_subscriptions.home_region_subscriptions",
            "oci_identity_tag_namespace.ArchitectureCenterTagNamespace",
            "random_id.tag"
          ]
        }
      ]
    },
    {
      "mode": "managed",
      "type": "oci_identity_tag_namespace",
      "name": "ArchitectureCenterTagNamespace",
      "provider": "provider[\"registry.terraform.io/hashicorp/oci\"].homeregion",
      "instances": [
        {
          "schema_version": 0,
          "attributes": {
            "compartment_id": "ocid1.compartment.oc1..aaaaaaaajtqmudf4ht53lbi5aq4oydwgaptfbmsyacxbxrinvqffcjhjnjoa",
            "defined_tags": {
              "Oracle-Tag.CreatedBy": "gloria",
              "Oracle-Tag.CreatedOn": "2022-01-05T14:08:53.616Z"
            },
            "description": "ArchitectureCenterTagNamespace",
            "freeform_tags": {},
            "id": "ocid1.tagnamespace.oc1..aaaaaaaalsln3bc3esbuyw6zazfntyshzmhklgnkm3oafykaltpvqiwh6dmq",
            "is_retired": false,
            "name": "ArchitectureCenter\\hpc-starccm-e0bf",
            "state": "ACTIVE",
            "time_created": "2022-01-05 14:08:53.647 +0000 UTC",
            "timeouts": null
          },
          "private": "eyJlMmJmYjczMC1lY2FhLTExZTYtOGY4OC0zNDM2M2JjN2M0YzAiOnsiY3JlYXRlIjoxMjAwMDAwMDAwMDAwLCJkZWxldGUiOjEyMDAwMDAwMDAwMDAsInVwZGF0ZSI6MTIwMDAwMDAwMDAwMH19",
          "dependencies": [
            "data.oci_identity_region_subscriptions.home_region_subscriptions",
            "random_id.tag"
          ]
        }
      ]
    },
    {
      "mode": "managed",
      "type": "random_id",
      "name": "tag",
      "provider": "provider[\"registry.terraform.io/hashicorp/random\"]",
      "instances": [
        {
          "schema_version": 0,
          "attributes": {
            "b64_std": "4L8=",
            "b64_url": "4L8",
            "byte_length": 2,
            "dec": "57535",
            "hex": "e0bf",
            "id": "4L8",
            "keepers": null,
            "prefix": null
          },
          "private": "bnVsbA=="
        }
      ]
    },
    {
      "mode": "managed",
      "type": "random_pet",
      "name": "name",
      "provider": "provider[\"registry.terraform.io/hashicorp/random\"]",
      "instances": [
        {
          "schema_version": 0,
          "attributes": {
            "id": "logical-robin",
            "keepers": null,
            "length": 2,
            "prefix": null,
            "separator": "-"
          },
          "private": "bnVsbA=="
        }
      ]
    },
    {
      "mode": "managed",
      "type": "tls_private_key",
      "name": "ssh",
      "provider": "provider[\"registry.terraform.io/hashicorp/tls\"]",
      "instances": [
        {
          "schema_version": 0,
          "attributes": {
            "algorithm": "RSA",
            "ecdsa_curve": "P224",
            "id": "8324d7ec1d2b17f82f79beb419640d3960bfaf0d",
            "private_key_pem": "-----BEGIN RSA PRIVATE KEY-----\nMIIJKQIBAAKCAgEA5PQEPMp4xXjaTuqCe/6HaHNhyXKBrxV7SFv4zqtJm8yR7tBS\nlEsxbde00AEfMtCTBsyhiiNR718iTyGJc8H+q1kjT7U4J5euAz8yYPKKIOTpzf8+\naWw7ucGMazeaqZoi1wXREPiK1Oxzql67GbpxgsQz1tJNRrEYfn269xjOyVtpvGNa\nc3clXjsiPbAXR2N2XEyhIQVwfOpz1nLMxC/NZ7X9FcyGuBw5yOfHF4llEA3sn1w7\n5Chto0zqjq8u3QYUq1oKBSwt4SFVpeb9EwtXfZX5F2w/WMTqgiLCSJcloX96ZKrA\nK1L3lxEDZSP6PE26jiQBxwl1eBEWdgXH4VX/vGBYdajDZzpaSLu/Kh/XEjIVhxcI\n5loqyapcsYxi1YBEutSdR5FORwKoKKyCMirsADmAPKQ/6Zlw3S0bVX25GdYXks4Z\nxNoFXqwNVXc/PAPVI4qiNstzGgMldcEyaYI3LUZ1khWUmr42XzJqM7aAGnazLo8W\n5UQ7OXxMxS1epquW4+fsk0j0tL/E+100M4bBczNWZy+eFeZY1woKi7wj5lFzvujk\n9OxyO9thxeerZIz4K45IRKcbcaGSDqfp16RczfwqbHPG3TxIp5fwbt6HH8tZdNu6\nGK0sWdyjAMRITCBbYJFJYTy6lcW72oA0H9OKw5xESihLOjZhFJLcCiYmDLcCAwEA\nAQKCAgBcPgPHCjwGM16hFNJlanLbnkDzjHK7O4hj6sofWdtaLd1NvhjHLlRH0PRE\nKW+MZYQW5TLgGMLWEhocj4J1ZN9Z4ZvcbUKmkPHG1RtS++SyxAd+uytGBhk6CcSt\nHcXuNu96ehl1IO2uQ2WGaowvHXLGII5SKoB/zrHzpGxDSXdmoLHE+LJkeshPYru0\n5tE6LdRt82GnkC115m+tIqtlD21OL4A73B8a5iRR0S/hR7Wz9igzPFHU5oTlmgOW\nYPYcjmqdbrVCyD3jyi5bnOixV4x0SIwG59HNzeg9bguge2Tp4BZLoI+z5MVj07Lu\neMREr3xN8CvXKPRu31ORUVrqal+RnnlMoNi/fjEB9/drGnUgAgvhFCadcrNbVhhS\noEIlhpZGfvlHsuJL4V0qN88i58eO4qUN4aLyxUMpSnFaLObmYysmdNHNDBWA6z1y\n1qJZxKrrHhudPEI0J5FPQWsj34CUegrSZSimB69R2G9i/WxSxGLQdLT+GoL5O3Jo\n1pbO+w7uFAZt36zWE4QwKIrD4QsXDCMpJsRDxB0eALN8JGGZ8tUSJQru1GJptdU6\nMYtkdtzIS/3ZEGvfCWEdXwE1ibKlLVaKsr5zS2WhkU/NMJ5JkthzYiPfARZznz0a\nZ1MQ+ntMWDCyIQqPsjwlitEwKiOMTZukNkOOxJkcqFj/GNAYwQKCAQEA+yhnb9eZ\nvjzPy0FjxBZxHxTxbVlbqQidkwoVPJobc4QcymIIRgLBUQ0G0+vQtoGf2YzfXh5I\n4QfXP8qj89nbR3szceB89JJBX0EeQTPFIg91tLX+18NixKHmawYGhfqhhd8onlWI\n20tG4ShecNvrFHhRcVanAml8en+HQZwg0Lg9nRO0qFhBaSKcbCYwZtJ616AyCfPP\nSOeK2A6OTNBssGhF19HMeyj1jzLd4MKn59+toxV6CfLhc80glcSDHD5uJPCvzs57\nnFiP6nWI/oDGv71OWbX/7/qytvRBrEBAPxDDFVBLm3EE/dAEY/Iw3Z3I2pujMhIG\n0koDc2o8FacbKQKCAQEA6V4FW/d5ByTM+HeKOmXRDjuyZmbjN+6SigEfY6ILNqOP\nIrR+Ho9dK3zY9xiBu1zav9vvVvRnb/JdP5+vu5SEsZPJMlYxsdhJdynaoz5NvmV2\nhcXKvjYhVacOjc1lorknFms+TTdIVUX8M+0Pq31S3MQHC1DBp8RIj1wI0ZXem96F\nr9SfvcmnQ5vvq0Hv7fQWp4xFkm9XZ2kiBYaWs+AxQfX6bEeXrQmJE+u8VOJlXRC+\nXe79gz41dJ9cwOlKV7eJEO+V2ZYWhl8dsvlNkvhThv6ilc1TSmKWw8owLZR5HSsO\n2VmXJSO1CM4XvVTeci+fQi7R/cnFIdoDB+NJVbrE3wKCAQEA0XhSRKpZlJtdZxUD\nYzCgah7qeJvVYbZIzbDUI3YYPRDLflOiuNllZ/boYelEamLT8fqW9QVnHR+P+6lD\ncoaZZxWuw2RKcyRkF1DVLeZCnPSt4+kCQeu4PW0WIt6kpCtzeZa0ZtHJ0bQHypQD\nqDcS6kCrFE8D/XQDGJuyMBtKFyoCYTZlLx5kd44hTeXP6oHTaHE4KqrIj/JlD2uc\nbR5L+BkPXz+gPnvbyfHPsbxHk5EvXVv1K8UBGbbUXXTHMNA0xuRijKYT3ELUzOP4\nPOMkYBg/93xemETLtuEiwMnZi3+sZONSG7N4SUOr1bvR25PUR9cUlhcIz2xhUmog\n8KIteQKCAQEAz9i/qTN2hdhO/pVpda2tTqH4uJ+2i+Bef6+UR2bR2e4+08gx9AH4\nF31wuFMJaNjAs9StDKNNZTVVvA77s3QJ4ycfMUf3ptBeTlXmtzIMiCFSOL77XgJU\nGjdaDQ39EbsahyspKBiuwdQ9Vfoz1KcgICQvqfJZKJT3k0eDSzfSNr0wEHSteZma\n8ep2we9ORH77lmqmpE+qZx4KASXoH3j0Ji1wxvPUsXcmsalp6ahiY0tAYeUzwaqs\nbZxqPh8J6ao71+uraUn18ePRTdAhOV8W9crg/88J+dxpLyRrWI0+ea4Z4ZebuKZe\n3OLB3g0yujyT+Zw9x23nt8i2nlXewQ5BvQKCAQAAmXhozUkDzjOZ/WnM0YMO2Wl+\nx5GL8Lv2dBLYFtdOYrxzTdA3ZzAscAFrjXPLZOR70zKxo+CIfMBxJMFxiuCoH8wm\n2iIo3mucryQjO3QMyPOdApFfYiOcKuSok53uHDTjX5uBAIjX5nUQML48pYkYZwH9\ngqxyaeqKEdTJDySM6g+1E+9usAPT7PWnSERBzGO+K0A0G+9APXppvhmqwHC8Asz/\n9xmBdO0Bbgk9Eel1cqYDNhjtHqSxBHmW1Su2ewK6OGaa6r+WcYkh05pZR6TQ2Wf6\nTDP5UgrujDX7SENwHW5bUI3HpdZaZiIIsHr3kiTR/6Kiz+1UKzjB/tdODsEv\n-----END RSA PRIVATE KEY-----\n",
            "public_key_fingerprint_md5": "8e:82:de:09:32:8c:4d:ce:54:5b:89:ff:44:d9:fc:d6",
            "public_key_openssh": "ssh-rsa AAAAB3NzaC1yc2EAAAADAQABAAACAQDk9AQ8ynjFeNpO6oJ7/odoc2HJcoGvFXtIW/jOq0mbzJHu0FKUSzFt17TQAR8y0JMGzKGKI1HvXyJPIYlzwf6rWSNPtTgnl64DPzJg8oog5OnN/z5pbDu5wYxrN5qpmiLXBdEQ+IrU7HOqXrsZunGCxDPW0k1GsRh+fbr3GM7JW2m8Y1pzdyVeOyI9sBdHY3ZcTKEhBXB86nPWcszEL81ntf0VzIa4HDnI58cXiWUQDeyfXDvkKG2jTOqOry7dBhSrWgoFLC3hIVWl5v0TC1d9lfkXbD9YxOqCIsJIlyWhf3pkqsArUveXEQNlI/o8TbqOJAHHCXV4ERZ2BcfhVf+8YFh1qMNnOlpIu78qH9cSMhWHFwjmWirJqlyxjGLVgES61J1HkU5HAqgorIIyKuwAOYA8pD/pmXDdLRtVfbkZ1heSzhnE2gVerA1Vdz88A9UjiqI2y3MaAyV1wTJpgjctRnWSFZSavjZfMmoztoAadrMujxblRDs5fEzFLV6mq5bj5+yTSPS0v8T7XTQzhsFzM1ZnL54V5ljXCgqLvCPmUXO+6OT07HI722HF56tkjPgrjkhEpxtxoZIOp+nXpFzN/Cpsc8bdPEinl/Bu3ocfy1l027oYrSxZ3KMAxEhMIFtgkUlhPLqVxbvagDQf04rDnERKKEs6NmEUktwKJiYMtw==\n",
            "public_key_pem": "-----BEGIN PUBLIC KEY-----\nMIICIjANBgkqhkiG9w0BAQEFAAOCAg8AMIICCgKCAgEA5PQEPMp4xXjaTuqCe/6H\naHNhyXKBrxV7SFv4zqtJm8yR7tBSlEsxbde00AEfMtCTBsyhiiNR718iTyGJc8H+\nq1kjT7U4J5euAz8yYPKKIOTpzf8+aWw7ucGMazeaqZoi1wXREPiK1Oxzql67Gbpx\ngsQz1tJNRrEYfn269xjOyVtpvGNac3clXjsiPbAXR2N2XEyhIQVwfOpz1nLMxC/N\nZ7X9FcyGuBw5yOfHF4llEA3sn1w75Chto0zqjq8u3QYUq1oKBSwt4SFVpeb9EwtX\nfZX5F2w/WMTqgiLCSJcloX96ZKrAK1L3lxEDZSP6PE26jiQBxwl1eBEWdgXH4VX/\nvGBYdajDZzpaSLu/Kh/XEjIVhxcI5loqyapcsYxi1YBEutSdR5FORwKoKKyCMirs\nADmAPKQ/6Zlw3S0bVX25GdYXks4ZxNoFXqwNVXc/PAPVI4qiNstzGgMldcEyaYI3\nLUZ1khWUmr42XzJqM7aAGnazLo8W5UQ7OXxMxS1epquW4+fsk0j0tL/E+100M4bB\nczNWZy+eFeZY1woKi7wj5lFzvujk9OxyO9thxeerZIz4K45IRKcbcaGSDqfp16Rc\nzfwqbHPG3TxIp5fwbt6HH8tZdNu6GK0sWdyjAMRITCBbYJFJYTy6lcW72oA0H9OK\nw5xESihLOjZhFJLcCiYmDLcCAwEAAQ==\n-----END PUBLIC KEY-----\n",
            "rsa_bits": 4096
          },
          "private": "bnVsbA=="
        }
      ]
    }
  ]
}
